
Microsoft Visual Studio Solution File, Format Version 12.00
# Visual Studio Version 17
VisualStudioVersion = 17.3.32825.248
MinimumVisualStudioVersion = 10.0.40219.1
Project("{FAE04EC0-301F-11D3-BF4B-00C04F79EFBC}") = "Prog_Orient_Obj_Construt_EX8", "Prog_Orient_Obj_Contrut_EX8\Prog_Orient_Obj_Construt_EX8.csproj", "{BA010A40-DA5F-4968-B523-8C86B5EE9645}"
EndProject
Global
	GlobalSection(SolutionConfigurationPlatforms) = preSolution
		Debug|Any CPU = Debug|Any CPU
		Release|Any CPU = Release|Any CPU
	EndGlobalSection
	GlobalSection(ProjectConfigurationPlatforms) = postSolution
		{BA010A40-DA5F-4968-B523-8C86B5EE9645}.Debug|Any CPU.ActiveCfg = Debug|Any CPU
		{BA010A40-DA5F-4968-B523-8C86B5EE9645}.Debug|Any CPU.Build.0 = Debug|Any CPU
		{BA010A40-DA5F-4968-B523-8C86B5EE9645}.Release|Any CPU.ActiveCfg = Release|Any CPU
		{BA010A40-DA5F-4968-B523-8C86B5EE9645}.Release|Any CPU.Build.0 = Release|Any CPU
	EndGlobalSection
	GlobalSection(SolutionProperties) = preSolution
		HideSolutionNode = FALSE
	EndGlobalSection
	GlobalSection(ExtensibilityGlobals) = postSolution
		SolutionGuid = {1501C546-C137-429C-AFF3-1CB4958B6467}
	EndGlobalSection
EndGlobal
