
Microsoft Visual Studio Solution File, Format Version 12.00
# Visual Studio Version 17
VisualStudioVersion = 17.3.32825.248
MinimumVisualStudioVersion = 10.0.40219.1
Project("{FAE04EC0-301F-11D3-BF4B-00C04F79EFBC}") = "Prog_Orient_Obj_EX6", "Prog_Orient_Obj_EX6\Prog_Orient_Obj_EX6.csproj", "{A2AD6C94-E940-4062-8148-7DCB3AF3EB20}"
EndProject
Global
	GlobalSection(SolutionConfigurationPlatforms) = preSolution
		Debug|Any CPU = Debug|Any CPU
		Release|Any CPU = Release|Any CPU
	EndGlobalSection
	GlobalSection(ProjectConfigurationPlatforms) = postSolution
		{A2AD6C94-E940-4062-8148-7DCB3AF3EB20}.Debug|Any CPU.ActiveCfg = Debug|Any CPU
		{A2AD6C94-E940-4062-8148-7DCB3AF3EB20}.Debug|Any CPU.Build.0 = Debug|Any CPU
		{A2AD6C94-E940-4062-8148-7DCB3AF3EB20}.Release|Any CPU.ActiveCfg = Release|Any CPU
		{A2AD6C94-E940-4062-8148-7DCB3AF3EB20}.Release|Any CPU.Build.0 = Release|Any CPU
	EndGlobalSection
	GlobalSection(SolutionProperties) = preSolution
		HideSolutionNode = FALSE
	EndGlobalSection
	GlobalSection(ExtensibilityGlobals) = postSolution
		SolutionGuid = {7098C1D5-3728-4078-80AB-5CB1EEE99F79}
	EndGlobalSection
EndGlobal
