
Microsoft Visual Studio Solution File, Format Version 12.00
# Visual Studio Version 17
VisualStudioVersion = 17.3.32825.248
MinimumVisualStudioVersion = 10.0.40219.1
Project("{FAE04EC0-301F-11D3-BF4B-00C04F79EFBC}") = "Prog_Orient_Obj_Vetor_EX2", "Prog_Orient_Obj_Vetor_EX2\Prog_Orient_Obj_Vetor_EX2.csproj", "{258FA314-1E7E-48AB-8E42-6D2D7098419D}"
EndProject
Global
	GlobalSection(SolutionConfigurationPlatforms) = preSolution
		Debug|Any CPU = Debug|Any CPU
		Release|Any CPU = Release|Any CPU
	EndGlobalSection
	GlobalSection(ProjectConfigurationPlatforms) = postSolution
		{258FA314-1E7E-48AB-8E42-6D2D7098419D}.Debug|Any CPU.ActiveCfg = Debug|Any CPU
		{258FA314-1E7E-48AB-8E42-6D2D7098419D}.Debug|Any CPU.Build.0 = Debug|Any CPU
		{258FA314-1E7E-48AB-8E42-6D2D7098419D}.Release|Any CPU.ActiveCfg = Release|Any CPU
		{258FA314-1E7E-48AB-8E42-6D2D7098419D}.Release|Any CPU.Build.0 = Release|Any CPU
	EndGlobalSection
	GlobalSection(SolutionProperties) = preSolution
		HideSolutionNode = FALSE
	EndGlobalSection
	GlobalSection(ExtensibilityGlobals) = postSolution
		SolutionGuid = {B66EF91D-23C1-4180-835C-FBB385E2CB27}
	EndGlobalSection
EndGlobal
