
Microsoft Visual Studio Solution File, Format Version 12.00
# Visual Studio Version 17
VisualStudioVersion = 17.3.32825.248
MinimumVisualStudioVersion = 10.0.40219.1
Project("{FAE04EC0-301F-11D3-BF4B-00C04F79EFBC}") = "Prog_Orient_Obj_List_EX1", "Prog_Orient_Obj_List_EX1\Prog_Orient_Obj_List_EX1.csproj", "{961ED2B8-DF8C-4182-9995-86D456143090}"
EndProject
Global
	GlobalSection(SolutionConfigurationPlatforms) = preSolution
		Debug|Any CPU = Debug|Any CPU
		Release|Any CPU = Release|Any CPU
	EndGlobalSection
	GlobalSection(ProjectConfigurationPlatforms) = postSolution
		{961ED2B8-DF8C-4182-9995-86D456143090}.Debug|Any CPU.ActiveCfg = Debug|Any CPU
		{961ED2B8-DF8C-4182-9995-86D456143090}.Debug|Any CPU.Build.0 = Debug|Any CPU
		{961ED2B8-DF8C-4182-9995-86D456143090}.Release|Any CPU.ActiveCfg = Release|Any CPU
		{961ED2B8-DF8C-4182-9995-86D456143090}.Release|Any CPU.Build.0 = Release|Any CPU
	EndGlobalSection
	GlobalSection(SolutionProperties) = preSolution
		HideSolutionNode = FALSE
	EndGlobalSection
	GlobalSection(ExtensibilityGlobals) = postSolution
		SolutionGuid = {7CB79DBD-3C61-4FA0-A165-FD03EA32F7D9}
	EndGlobalSection
EndGlobal
