
Microsoft Visual Studio Solution File, Format Version 12.00
# Visual Studio Version 17
VisualStudioVersion = 17.3.32825.248
MinimumVisualStudioVersion = 10.0.40219.1
Project("{FAE04EC0-301F-11D3-BF4B-00C04F79EFBC}") = "Prog_Orient_Obj_Matriz_Ex1", "Prog_Orient_Obj_Matriz_Ex1\Prog_Orient_Obj_Matriz_Ex1.csproj", "{ADDA1131-669B-4EF7-B2CE-AB25E3C0452A}"
EndProject
Global
	GlobalSection(SolutionConfigurationPlatforms) = preSolution
		Debug|Any CPU = Debug|Any CPU
		Release|Any CPU = Release|Any CPU
	EndGlobalSection
	GlobalSection(ProjectConfigurationPlatforms) = postSolution
		{ADDA1131-669B-4EF7-B2CE-AB25E3C0452A}.Debug|Any CPU.ActiveCfg = Debug|Any CPU
		{ADDA1131-669B-4EF7-B2CE-AB25E3C0452A}.Debug|Any CPU.Build.0 = Debug|Any CPU
		{ADDA1131-669B-4EF7-B2CE-AB25E3C0452A}.Release|Any CPU.ActiveCfg = Release|Any CPU
		{ADDA1131-669B-4EF7-B2CE-AB25E3C0452A}.Release|Any CPU.Build.0 = Release|Any CPU
	EndGlobalSection
	GlobalSection(SolutionProperties) = preSolution
		HideSolutionNode = FALSE
	EndGlobalSection
	GlobalSection(ExtensibilityGlobals) = postSolution
		SolutionGuid = {2A28293C-6419-477F-BB93-CFE26E515E5E}
	EndGlobalSection
EndGlobal
